
Microsoft Visual Studio Solution File, Format Version 12.00
# Visual Studio Version 17
VisualStudioVersion = 17.0.31903.59
MinimumVisualStudioVersion = 10.0.40219.1
Project("{FAE04EC0-301F-11D3-BF4B-00C04F79EFBC}") = "LocaleBoost.Api", "LocaleBoost.Api\LocaleBoost.Api.csproj", "{637C1255-2914-4E44-BE1A-53B8A8E19F66}"
EndProject
Project("{FAE04EC0-301F-11D3-BF4B-00C04F79EFBC}") = "LocaleBoost.Api.Tests", "LocaleBoost.Api.Tests\LocaleBoost.Api.Tests.csproj", "{EF377768-848D-4F89-BEBD-1E2E1A641C41}"
EndProject
Global
	GlobalSection(SolutionConfigurationPlatforms) = preSolution
		Debug|Any CPU = Debug|Any CPU
		Release|Any CPU = Release|Any CPU
	EndGlobalSection
	GlobalSection(SolutionProperties) = preSolution
		HideSolutionNode = FALSE
	EndGlobalSection
	GlobalSection(ProjectConfigurationPlatforms) = postSolution
		{637C1255-2914-4E44-BE1A-53B8A8E19F66}.Debug|Any CPU.ActiveCfg = Debug|Any CPU
		{637C1255-2914-4E44-BE1A-53B8A8E19F66}.Debug|Any CPU.Build.0 = Debug|Any CPU
		{637C1255-2914-4E44-BE1A-53B8A8E19F66}.Release|Any CPU.ActiveCfg = Release|Any CPU
		{637C1255-2914-4E44-BE1A-53B8A8E19F66}.Release|Any CPU.Build.0 = Release|Any CPU
		{EF377768-848D-4F89-BEBD-1E2E1A641C41}.Debug|Any CPU.ActiveCfg = Debug|Any CPU
		{EF377768-848D-4F89-BEBD-1E2E1A641C41}.Debug|Any CPU.Build.0 = Debug|Any CPU
		{EF377768-848D-4F89-BEBD-1E2E1A641C41}.Release|Any CPU.ActiveCfg = Release|Any CPU
		{EF377768-848D-4F89-BEBD-1E2E1A641C41}.Release|Any CPU.Build.0 = Release|Any CPU
	EndGlobalSection
EndGlobal
